
Microsoft Visual Studio Solution File, Format Version 12.00
# Visual Studio Version 17
VisualStudioVersion = 17.8.34511.84
MinimumVisualStudioVersion = 10.0.40219.1
Project("{8BC9CEB8-8B4A-11D0-8D11-00A0C91BC942}") = "顺序表作业", "顺序表作业.vcxproj", "{024E89A7-F03A-4461-AB27-BFB71980E62D}"
EndProject
Global
	GlobalSection(SolutionConfigurationPlatforms) = preSolution
		Debug|x64 = Debug|x64
		Debug|x86 = Debug|x86
		Release|x64 = Release|x64
		Release|x86 = Release|x86
	EndGlobalSection
	GlobalSection(ProjectConfigurationPlatforms) = postSolution
		{024E89A7-F03A-4461-AB27-BFB71980E62D}.Debug|x64.ActiveCfg = Debug|x64
		{024E89A7-F03A-4461-AB27-BFB71980E62D}.Debug|x64.Build.0 = Debug|x64
		{024E89A7-F03A-4461-AB27-BFB71980E62D}.Debug|x86.ActiveCfg = Debug|Win32
		{024E89A7-F03A-4461-AB27-BFB71980E62D}.Debug|x86.Build.0 = Debug|Win32
		{024E89A7-F03A-4461-AB27-BFB71980E62D}.Release|x64.ActiveCfg = Release|x64
		{024E89A7-F03A-4461-AB27-BFB71980E62D}.Release|x64.Build.0 = Release|x64
		{024E89A7-F03A-4461-AB27-BFB71980E62D}.Release|x86.ActiveCfg = Release|Win32
		{024E89A7-F03A-4461-AB27-BFB71980E62D}.Release|x86.Build.0 = Release|Win32
	EndGlobalSection
	GlobalSection(SolutionProperties) = preSolution
		HideSolutionNode = FALSE
	EndGlobalSection
	GlobalSection(ExtensibilityGlobals) = postSolution
		SolutionGuid = {0AE91DB1-FC2F-4AC5-B6C3-90F8A5CE9959}
	EndGlobalSection
EndGlobal
