
Microsoft Visual Studio Solution File, Format Version 12.00
# Visual Studio Version 17
VisualStudioVersion = 17.7.34221.43
MinimumVisualStudioVersion = 10.0.40219.1
Project("{8BC9CEB8-8B4A-11D0-8D11-00A0C91BC942}") = "十一月十二日课程", "十一月十二日课程.vcxproj", "{7648AD5E-5707-48A5-89D0-C987396CDA52}"
EndProject
Global
	GlobalSection(SolutionConfigurationPlatforms) = preSolution
		Debug|x64 = Debug|x64
		Debug|x86 = Debug|x86
		Release|x64 = Release|x64
		Release|x86 = Release|x86
	EndGlobalSection
	GlobalSection(ProjectConfigurationPlatforms) = postSolution
		{7648AD5E-5707-48A5-89D0-C987396CDA52}.Debug|x64.ActiveCfg = Debug|x64
		{7648AD5E-5707-48A5-89D0-C987396CDA52}.Debug|x64.Build.0 = Debug|x64
		{7648AD5E-5707-48A5-89D0-C987396CDA52}.Debug|x86.ActiveCfg = Debug|Win32
		{7648AD5E-5707-48A5-89D0-C987396CDA52}.Debug|x86.Build.0 = Debug|Win32
		{7648AD5E-5707-48A5-89D0-C987396CDA52}.Release|x64.ActiveCfg = Release|x64
		{7648AD5E-5707-48A5-89D0-C987396CDA52}.Release|x64.Build.0 = Release|x64
		{7648AD5E-5707-48A5-89D0-C987396CDA52}.Release|x86.ActiveCfg = Release|Win32
		{7648AD5E-5707-48A5-89D0-C987396CDA52}.Release|x86.Build.0 = Release|Win32
	EndGlobalSection
	GlobalSection(SolutionProperties) = preSolution
		HideSolutionNode = FALSE
	EndGlobalSection
	GlobalSection(ExtensibilityGlobals) = postSolution
		SolutionGuid = {37839C71-8590-4108-AF52-2D3EFFB34E32}
	EndGlobalSection
EndGlobal
