
Microsoft Visual Studio Solution File, Format Version 12.00
# Visual Studio Version 17
VisualStudioVersion = 17.8.34330.188
MinimumVisualStudioVersion = 10.0.40219.1
Project("{8BC9CEB8-8B4A-11D0-8D11-00A0C91BC942}") = "数据结构顺序表笔记", "数据结构顺序表笔记.vcxproj", "{13C146A6-5CA0-4E6C-8974-515F5482A38C}"
EndProject
Global
	GlobalSection(SolutionConfigurationPlatforms) = preSolution
		Debug|x64 = Debug|x64
		Debug|x86 = Debug|x86
		Release|x64 = Release|x64
		Release|x86 = Release|x86
	EndGlobalSection
	GlobalSection(ProjectConfigurationPlatforms) = postSolution
		{13C146A6-5CA0-4E6C-8974-515F5482A38C}.Debug|x64.ActiveCfg = Debug|x64
		{13C146A6-5CA0-4E6C-8974-515F5482A38C}.Debug|x64.Build.0 = Debug|x64
		{13C146A6-5CA0-4E6C-8974-515F5482A38C}.Debug|x86.ActiveCfg = Debug|Win32
		{13C146A6-5CA0-4E6C-8974-515F5482A38C}.Debug|x86.Build.0 = Debug|Win32
		{13C146A6-5CA0-4E6C-8974-515F5482A38C}.Release|x64.ActiveCfg = Release|x64
		{13C146A6-5CA0-4E6C-8974-515F5482A38C}.Release|x64.Build.0 = Release|x64
		{13C146A6-5CA0-4E6C-8974-515F5482A38C}.Release|x86.ActiveCfg = Release|Win32
		{13C146A6-5CA0-4E6C-8974-515F5482A38C}.Release|x86.Build.0 = Release|Win32
	EndGlobalSection
	GlobalSection(SolutionProperties) = preSolution
		HideSolutionNode = FALSE
	EndGlobalSection
	GlobalSection(ExtensibilityGlobals) = postSolution
		SolutionGuid = {6431ED39-4618-4B93-8C0C-ACFC5B7F9C45}
	EndGlobalSection
EndGlobal
