
Microsoft Visual Studio Solution File, Format Version 12.00
# Visual Studio Version 17
VisualStudioVersion = 17.8.34322.80
MinimumVisualStudioVersion = 10.0.40219.1
Project("{8BC9CEB8-8B4A-11D0-8D11-00A0C91BC942}") = "十二月七日课程", "十二月七日课程.vcxproj", "{0C6B9B4B-7CDD-4CC5-97FE-689768E1B6A4}"
EndProject
Global
	GlobalSection(SolutionConfigurationPlatforms) = preSolution
		Debug|x64 = Debug|x64
		Debug|x86 = Debug|x86
		Release|x64 = Release|x64
		Release|x86 = Release|x86
	EndGlobalSection
	GlobalSection(ProjectConfigurationPlatforms) = postSolution
		{0C6B9B4B-7CDD-4CC5-97FE-689768E1B6A4}.Debug|x64.ActiveCfg = Debug|x64
		{0C6B9B4B-7CDD-4CC5-97FE-689768E1B6A4}.Debug|x64.Build.0 = Debug|x64
		{0C6B9B4B-7CDD-4CC5-97FE-689768E1B6A4}.Debug|x86.ActiveCfg = Debug|Win32
		{0C6B9B4B-7CDD-4CC5-97FE-689768E1B6A4}.Debug|x86.Build.0 = Debug|Win32
		{0C6B9B4B-7CDD-4CC5-97FE-689768E1B6A4}.Release|x64.ActiveCfg = Release|x64
		{0C6B9B4B-7CDD-4CC5-97FE-689768E1B6A4}.Release|x64.Build.0 = Release|x64
		{0C6B9B4B-7CDD-4CC5-97FE-689768E1B6A4}.Release|x86.ActiveCfg = Release|Win32
		{0C6B9B4B-7CDD-4CC5-97FE-689768E1B6A4}.Release|x86.Build.0 = Release|Win32
	EndGlobalSection
	GlobalSection(SolutionProperties) = preSolution
		HideSolutionNode = FALSE
	EndGlobalSection
	GlobalSection(ExtensibilityGlobals) = postSolution
		SolutionGuid = {65F97EA8-A276-4207-8A0B-5958F590D8D2}
	EndGlobalSection
EndGlobal
