
Microsoft Visual Studio Solution File, Format Version 12.00
# Visual Studio Version 17
VisualStudioVersion = 17.8.34309.116
MinimumVisualStudioVersion = 10.0.40219.1
Project("{8BC9CEB8-8B4A-11D0-8D11-00A0C91BC942}") = "十一月十八日课程", "十一月十八日课程.vcxproj", "{9E498984-B9B0-4E17-B645-BD1802DF9EF0}"
EndProject
Global
	GlobalSection(SolutionConfigurationPlatforms) = preSolution
		Debug|x64 = Debug|x64
		Debug|x86 = Debug|x86
		Release|x64 = Release|x64
		Release|x86 = Release|x86
	EndGlobalSection
	GlobalSection(ProjectConfigurationPlatforms) = postSolution
		{9E498984-B9B0-4E17-B645-BD1802DF9EF0}.Debug|x64.ActiveCfg = Debug|x64
		{9E498984-B9B0-4E17-B645-BD1802DF9EF0}.Debug|x64.Build.0 = Debug|x64
		{9E498984-B9B0-4E17-B645-BD1802DF9EF0}.Debug|x86.ActiveCfg = Debug|Win32
		{9E498984-B9B0-4E17-B645-BD1802DF9EF0}.Debug|x86.Build.0 = Debug|Win32
		{9E498984-B9B0-4E17-B645-BD1802DF9EF0}.Release|x64.ActiveCfg = Release|x64
		{9E498984-B9B0-4E17-B645-BD1802DF9EF0}.Release|x64.Build.0 = Release|x64
		{9E498984-B9B0-4E17-B645-BD1802DF9EF0}.Release|x86.ActiveCfg = Release|Win32
		{9E498984-B9B0-4E17-B645-BD1802DF9EF0}.Release|x86.Build.0 = Release|Win32
	EndGlobalSection
	GlobalSection(SolutionProperties) = preSolution
		HideSolutionNode = FALSE
	EndGlobalSection
	GlobalSection(ExtensibilityGlobals) = postSolution
		SolutionGuid = {85A82305-2C84-4A48-80BF-08B96BAF7A0E}
	EndGlobalSection
EndGlobal
