
Microsoft Visual Studio Solution File, Format Version 12.00
# Visual Studio Version 17
VisualStudioVersion = 17.9.34622.214
MinimumVisualStudioVersion = 10.0.40219.1
Project("{8BC9CEB8-8B4A-11D0-8D11-00A0C91BC942}") = "数据结构---排序", "数据结构---排序.vcxproj", "{CE63909C-3AA3-4323-86C5-E3DFD543D460}"
EndProject
Global
	GlobalSection(SolutionConfigurationPlatforms) = preSolution
		Debug|x64 = Debug|x64
		Debug|x86 = Debug|x86
		Release|x64 = Release|x64
		Release|x86 = Release|x86
	EndGlobalSection
	GlobalSection(ProjectConfigurationPlatforms) = postSolution
		{CE63909C-3AA3-4323-86C5-E3DFD543D460}.Debug|x64.ActiveCfg = Debug|x64
		{CE63909C-3AA3-4323-86C5-E3DFD543D460}.Debug|x64.Build.0 = Debug|x64
		{CE63909C-3AA3-4323-86C5-E3DFD543D460}.Debug|x86.ActiveCfg = Debug|Win32
		{CE63909C-3AA3-4323-86C5-E3DFD543D460}.Debug|x86.Build.0 = Debug|Win32
		{CE63909C-3AA3-4323-86C5-E3DFD543D460}.Release|x64.ActiveCfg = Release|x64
		{CE63909C-3AA3-4323-86C5-E3DFD543D460}.Release|x64.Build.0 = Release|x64
		{CE63909C-3AA3-4323-86C5-E3DFD543D460}.Release|x86.ActiveCfg = Release|Win32
		{CE63909C-3AA3-4323-86C5-E3DFD543D460}.Release|x86.Build.0 = Release|Win32
	EndGlobalSection
	GlobalSection(SolutionProperties) = preSolution
		HideSolutionNode = FALSE
	EndGlobalSection
	GlobalSection(ExtensibilityGlobals) = postSolution
		SolutionGuid = {04CC483B-E072-44BB-B061-78821D5FC022}
	EndGlobalSection
EndGlobal
