
Microsoft Visual Studio Solution File, Format Version 12.00
# Visual Studio Version 17
VisualStudioVersion = 17.7.34221.43
MinimumVisualStudioVersion = 10.0.40219.1
Project("{8BC9CEB8-8B4A-11D0-8D11-00A0C91BC942}") = "十一月八日作业", "十一月八日作业.vcxproj", "{804E2944-15DE-42AC-8AD4-360409BCAFDD}"
EndProject
Global
	GlobalSection(SolutionConfigurationPlatforms) = preSolution
		Debug|x64 = Debug|x64
		Debug|x86 = Debug|x86
		Release|x64 = Release|x64
		Release|x86 = Release|x86
	EndGlobalSection
	GlobalSection(ProjectConfigurationPlatforms) = postSolution
		{804E2944-15DE-42AC-8AD4-360409BCAFDD}.Debug|x64.ActiveCfg = Debug|x64
		{804E2944-15DE-42AC-8AD4-360409BCAFDD}.Debug|x64.Build.0 = Debug|x64
		{804E2944-15DE-42AC-8AD4-360409BCAFDD}.Debug|x86.ActiveCfg = Debug|Win32
		{804E2944-15DE-42AC-8AD4-360409BCAFDD}.Debug|x86.Build.0 = Debug|Win32
		{804E2944-15DE-42AC-8AD4-360409BCAFDD}.Release|x64.ActiveCfg = Release|x64
		{804E2944-15DE-42AC-8AD4-360409BCAFDD}.Release|x64.Build.0 = Release|x64
		{804E2944-15DE-42AC-8AD4-360409BCAFDD}.Release|x86.ActiveCfg = Release|Win32
		{804E2944-15DE-42AC-8AD4-360409BCAFDD}.Release|x86.Build.0 = Release|Win32
	EndGlobalSection
	GlobalSection(SolutionProperties) = preSolution
		HideSolutionNode = FALSE
	EndGlobalSection
	GlobalSection(ExtensibilityGlobals) = postSolution
		SolutionGuid = {766B7D40-A10C-493E-BC87-694DD560D43B}
	EndGlobalSection
EndGlobal
