
Microsoft Visual Studio Solution File, Format Version 12.00
# Visual Studio Version 17
VisualStudioVersion = 17.8.34511.84
MinimumVisualStudioVersion = 10.0.40219.1
Project("{8BC9CEB8-8B4A-11D0-8D11-00A0C91BC942}") = "数据结构----栈和队列112期", "数据结构----栈和队列112期.vcxproj", "{C479FC93-BB2A-4365-BBB5-60357279B38A}"
EndProject
Global
	GlobalSection(SolutionConfigurationPlatforms) = preSolution
		Debug|x64 = Debug|x64
		Debug|x86 = Debug|x86
		Release|x64 = Release|x64
		Release|x86 = Release|x86
	EndGlobalSection
	GlobalSection(ProjectConfigurationPlatforms) = postSolution
		{C479FC93-BB2A-4365-BBB5-60357279B38A}.Debug|x64.ActiveCfg = Debug|x64
		{C479FC93-BB2A-4365-BBB5-60357279B38A}.Debug|x64.Build.0 = Debug|x64
		{C479FC93-BB2A-4365-BBB5-60357279B38A}.Debug|x86.ActiveCfg = Debug|Win32
		{C479FC93-BB2A-4365-BBB5-60357279B38A}.Debug|x86.Build.0 = Debug|Win32
		{C479FC93-BB2A-4365-BBB5-60357279B38A}.Release|x64.ActiveCfg = Release|x64
		{C479FC93-BB2A-4365-BBB5-60357279B38A}.Release|x64.Build.0 = Release|x64
		{C479FC93-BB2A-4365-BBB5-60357279B38A}.Release|x86.ActiveCfg = Release|Win32
		{C479FC93-BB2A-4365-BBB5-60357279B38A}.Release|x86.Build.0 = Release|Win32
	EndGlobalSection
	GlobalSection(SolutionProperties) = preSolution
		HideSolutionNode = FALSE
	EndGlobalSection
	GlobalSection(ExtensibilityGlobals) = postSolution
		SolutionGuid = {2EB1BFE9-98A5-48B3-9087-3D7AB5D04DF6}
	EndGlobalSection
EndGlobal
