
Microsoft Visual Studio Solution File, Format Version 12.00
# Visual Studio Version 17
VisualStudioVersion = 17.8.34309.116
MinimumVisualStudioVersion = 10.0.40219.1
Project("{8BC9CEB8-8B4A-11D0-8D11-00A0C91BC942}") = "十一月二十一日课程", "十一月二十一日课程.vcxproj", "{F6E30E40-93FC-4B38-ABCC-D0D3C473298B}"
EndProject
Global
	GlobalSection(SolutionConfigurationPlatforms) = preSolution
		Debug|x64 = Debug|x64
		Debug|x86 = Debug|x86
		Release|x64 = Release|x64
		Release|x86 = Release|x86
	EndGlobalSection
	GlobalSection(ProjectConfigurationPlatforms) = postSolution
		{F6E30E40-93FC-4B38-ABCC-D0D3C473298B}.Debug|x64.ActiveCfg = Debug|x64
		{F6E30E40-93FC-4B38-ABCC-D0D3C473298B}.Debug|x64.Build.0 = Debug|x64
		{F6E30E40-93FC-4B38-ABCC-D0D3C473298B}.Debug|x86.ActiveCfg = Debug|Win32
		{F6E30E40-93FC-4B38-ABCC-D0D3C473298B}.Debug|x86.Build.0 = Debug|Win32
		{F6E30E40-93FC-4B38-ABCC-D0D3C473298B}.Release|x64.ActiveCfg = Release|x64
		{F6E30E40-93FC-4B38-ABCC-D0D3C473298B}.Release|x64.Build.0 = Release|x64
		{F6E30E40-93FC-4B38-ABCC-D0D3C473298B}.Release|x86.ActiveCfg = Release|Win32
		{F6E30E40-93FC-4B38-ABCC-D0D3C473298B}.Release|x86.Build.0 = Release|Win32
	EndGlobalSection
	GlobalSection(SolutionProperties) = preSolution
		HideSolutionNode = FALSE
	EndGlobalSection
	GlobalSection(ExtensibilityGlobals) = postSolution
		SolutionGuid = {B632A063-2888-4A20-A2EE-D9DE662C8D97}
	EndGlobalSection
EndGlobal
